
Microsoft Visual Studio Solution File, Format Version 12.00
# Visual Studio Version 17
VisualStudioVersion = 17.5.33516.290
MinimumVisualStudioVersion = 10.0.40219.1
Project("{9A19103F-16F7-4668-BE54-9A1E7A4F7556}") = "PatientApp", "PatientApp.csproj", "{91CE1B5A-B4C7-4A75-A565-34A7ADD3A88E}"
EndProject
Global
	GlobalSection(SolutionConfigurationPlatforms) = preSolution
		Debug|Any CPU = Debug|Any CPU
		Release|Any CPU = Release|Any CPU
	EndGlobalSection
	GlobalSection(ProjectConfigurationPlatforms) = postSolution
		{91CE1B5A-B4C7-4A75-A565-34A7ADD3A88E}.Debug|Any CPU.ActiveCfg = Debug|Any CPU
		{91CE1B5A-B4C7-4A75-A565-34A7ADD3A88E}.Debug|Any CPU.Build.0 = Debug|Any CPU
		{91CE1B5A-B4C7-4A75-A565-34A7ADD3A88E}.Release|Any CPU.ActiveCfg = Release|Any CPU
		{91CE1B5A-B4C7-4A75-A565-34A7ADD3A88E}.Release|Any CPU.Build.0 = Release|Any CPU
	EndGlobalSection
	GlobalSection(SolutionProperties) = preSolution
		HideSolutionNode = FALSE
	EndGlobalSection
	GlobalSection(ExtensibilityGlobals) = postSolution
		SolutionGuid = {D20E6329-1C24-4147-AD21-65F54A1E222E}
	EndGlobalSection
EndGlobal
